// !$*UTF8*$!
{
	archiveVersion = 1;
	classes = {
	};
	objectVersion = 46;
	objects = {

/* Begin PBXBuildFile section */
		043B5B5A1E45BCEF007A6581 /* AppDelegate.swift in Sources */ = {isa = PBXBuildFile; fileRef = 043B5B551E45BCEF007A6581 /* AppDelegate.swift */; };
		043B5B5B1E45BCEF007A6581 /* DetailViewController.swift in Sources */ = {isa = PBXBuildFile; fileRef = 043B5B561E45BCEF007A6581 /* DetailViewController.swift */; };
		043B5B5C1E45BCEF007A6581 /* MasterViewController.swift in Sources */ = {isa = PBXBuildFile; fileRef = 043B5B571E45BCEF007A6581 /* MasterViewController.swift */; };
		043B5B5D1E45BCEF007A6581 /* Recipe.swift in Sources */ = {isa = PBXBuildFile; fileRef = 043B5B581E45BCEF007A6581 /* Recipe.swift */; };
		043B5B5F1E45BD13007A6581 /* LaunchScreen.storyboard in Resources */ = {isa = PBXBuildFile; fileRef = 043B5B5E1E45BD13007A6581 /* LaunchScreen.storyboard */; };
		043B5B611E45BD18007A6581 /* Main.storyboard in Resources */ = {isa = PBXBuildFile; fileRef = 043B5B601E45BD18007A6581 /* Main.storyboard */; };
/* End PBXBuildFile section */

/* Begin PBXFileReference section */
		043B5B1C1E4589E8007A6581 /* IntelliChef.app */ = {isa = PBXFileReference; explicitFileType = wrapper.application; includeInIndex = 0; path = IntelliChef.app; sourceTree = BUILT_PRODUCTS_DIR; };
		043B5B2D1E4589E9007A6581 /* Info.plist */ = {isa = PBXFileReference; lastKnownFileType = text.plist.xml; path = Info.plist; sourceTree = "<group>"; };
		043B5B551E45BCEF007A6581 /* AppDelegate.swift */ = {isa = PBXFileReference; fileEncoding = 4; lastKnownFileType = sourcecode.swift; path = AppDelegate.swift; sourceTree = "<group>"; };
		043B5B561E45BCEF007A6581 /* DetailViewController.swift */ = {isa = PBXFileReference; fileEncoding = 4; lastKnownFileType = sourcecode.swift; path = DetailViewController.swift; sourceTree = "<group>"; };
		043B5B571E45BCEF007A6581 /* MasterViewController.swift */ = {isa = PBXFileReference; fileEncoding = 4; lastKnownFileType = sourcecode.swift; path = MasterViewController.swift; sourceTree = "<group>"; };
		043B5B581E45BCEF007A6581 /* Recipe.swift */ = {isa = PBXFileReference; fileEncoding = 4; lastKnownFileType = sourcecode.swift; path = Recipe.swift; sourceTree = "<group>"; };
		043B5B5E1E45BD13007A6581 /* LaunchScreen.storyboard */ = {isa = PBXFileReference; fileEncoding = 4; lastKnownFileType = file.storyboard; name = LaunchScreen.storyboard; path = Base.lproj/LaunchScreen.storyboard; sourceTree = "<group>"; };
		043B5B601E45BD18007A6581 /* Main.storyboard */ = {isa = PBXFileReference; fileEncoding = 4; lastKnownFileType = file.storyboard; name = Main.storyboard; path = Base.lproj/Main.storyboard; sourceTree = "<group>"; };
/* End PBXFileReference section */

/* Begin PBXFrameworksBuildPhase section */
		043B5B191E4589E8007A6581 /* Frameworks */ = {
			isa = PBXFrameworksBuildPhase;
			buildActionMask = 2147483647;
			files = (
			);
			runOnlyForDeploymentPostprocessing = 0;
		};
/* End PBXFrameworksBuildPhase section */

/* Begin PBXGroup section */
		043B5B131E4589E8007A6581 = {
			isa = PBXGroup;
			children = (
				043B5B1E1E4589E8007A6581 /* IntelliChef */,
				043B5B1D1E4589E8007A6581 /* Products */,
			);
			sourceTree = "<group>";
		};
		043B5B1D1E4589E8007A6581 /* Products */ = {
			isa = PBXGroup;
			children = (
				043B5B1C1E4589E8007A6581 /* IntelliChef.app */,
			);
			name = Products;
			sourceTree = "<group>";
		};
		043B5B1E1E4589E8007A6581 /* IntelliChef */ = {
			isa = PBXGroup;
			children = (
				043B5B551E45BCEF007A6581 /* AppDelegate.swift */,
				043B5B601E45BD18007A6581 /* Main.storyboard */,
				043B5B5E1E45BD13007A6581 /* LaunchScreen.storyboard */,
				043B5B561E45BCEF007A6581 /* DetailViewController.swift */,
				043B5B571E45BCEF007A6581 /* MasterViewController.swift */,
				043B5B581E45BCEF007A6581 /* Recipe.swift */,
				043B5B2D1E4589E9007A6581 /* Info.plist */,
			);
			path = IntelliChef;
			sourceTree = "<group>";
		};
/* End PBXGroup section */

/* Begin PBXNativeTarget section */
		043B5B1B1E4589E8007A6581 /* IntelliChef */ = {
			isa = PBXNativeTarget;
			buildConfigurationList = 043B5B301E4589E9007A6581 /* Build configuration list for PBXNativeTarget "IntelliChef" */;
			buildPhases = (
				043B5B181E4589E8007A6581 /* Sources */,
				043B5B191E4589E8007A6581 /* Frameworks */,
				043B5B1A1E4589E8007A6581 /* Resources */,
			);
			buildRules = (
			);
			dependencies = (
			);
			name = IntelliChef;
			productName = IntelliChef;
			productReference = 043B5B1C1E4589E8007A6581 /* IntelliChef.app */;
			productType = "com.apple.product-type.application";
		};
/* End PBXNativeTarget section */

/* Begin PBXProject section */
		043B5B141E4589E8007A6581 /* Project object */ = {
			isa = PBXProject;
			attributes = {
				LastSwiftUpdateCheck = 0820;
				LastUpgradeCheck = 0820;
				ORGANIZATIONNAME = "Joey Murphy";
				TargetAttributes = {
					043B5B1B1E4589E8007A6581 = {
						CreatedOnToolsVersion = 8.2.1;
						DevelopmentTeam = V4JEZHQS9J;
						LastSwiftMigration = 0820;
						ProvisioningStyle = Automatic;
					};
				};
			};
			buildConfigurationList = 043B5B171E4589E8007A6581 /* Build configuration list for PBXProject "IntelliChef" */;
			compatibilityVersion = "Xcode 3.2";
			developmentRegion = English;
			hasScannedForEncodings = 0;
			knownRegions = (
				en,
				Base,
			);
			mainGroup = 043B5B131E4589E8007A6581;
			productRefGroup = 043B5B1D1E4589E8007A6581 /* Products */;
			projectDirPath = "";
			projectRoot = "";
			targets = (
				043B5B1B1E4589E8007A6581 /* IntelliChef */,
			);
		};
/* End PBXProject section */

/* Begin PBXResourcesBuildPhase section */
		043B5B1A1E4589E8007A6581 /* Resources */ = {
			isa = PBXResourcesBuildPhase;
			buildActionMask = 2147483647;
			files = (
				043B5B5F1E45BD13007A6581 /* LaunchScreen.storyboard in Resources */,
				043B5B611E45BD18007A6581 /* Main.storyboard in Resources */,
			);
			runOnlyForDeploymentPostprocessing = 0;
		};
/* End PBXResourcesBuildPhase section */

/* Begin PBXSourcesBuildPhase section */
		043B5B181E4589E8007A6581 /* Sources */ = {
			isa = PBXSourcesBuildPhase;
			buildActionMask = 2147483647;
			files = (
				043B5B5A1E45BCEF007A6581 /* AppDelegate.swift in Sources */,
				043B5B5B1E45BCEF007A6581 /* DetailViewController.swift in Sources */,
				043B5B5C1E45BCEF007A6581 /* MasterViewController.swift in Sources */,
				043B5B5D1E45BCEF007A6581 /* Recipe.swift in Sources */,
			);
			runOnlyForDeploymentPostprocessing = 0;
		};
/* End PBXSourcesBuildPhase section */

/* Begin XCBuildConfiguration section */
		043B5B2E1E4589E9007A6581 /* Debug */ = {
			isa = XCBuildConfiguration;
			buildSettings = {
				ALWAYS_SEARCH_USER_PATHS = NO;
				CLANG_ANALYZER_NONNULL = YES;
				CLANG_CXX_LANGUAGE_STANDARD = "gnu++0x";
				CLANG_CXX_LIBRARY = "libc++";
				CLANG_ENABLE_MODULES = YES;
				CLANG_ENABLE_OBJC_ARC = YES;
				CLANG_WARN_BOOL_CONVERSION = YES;
				CLANG_WARN_CONSTANT_CONVERSION = YES;
				CLANG_WARN_DIRECT_OBJC_ISA_USAGE = YES_ERROR;
				CLANG_WARN_DOCUMENTATION_COMMENTS = YES;
				CLANG_WARN_EMPTY_BODY = YES;
				CLANG_WARN_ENUM_CONVERSION = YES;
				CLANG_WARN_INFINITE_RECURSION = YES;
				CLANG_WARN_INT_CONVERSION = YES;
				CLANG_WARN_OBJC_ROOT_CLASS = YES_ERROR;
				CLANG_WARN_SUSPICIOUS_MOVE = YES;
				CLANG_WARN_UNREACHABLE_CODE = YES;
				CLANG_WARN__DUPLICATE_METHOD_MATCH = YES;
				"CODE_SIGN_IDENTITY[sdk=iphoneos*]" = "iPhone Developer";
				COPY_PHASE_STRIP = NO;
				DEBUG_INFORMATION_FORMAT = dwarf;
				ENABLE_STRICT_OBJC_MSGSEND = YES;
				ENABLE_TESTABILITY = YES;
				GCC_C_LANGUAGE_STANDARD = gnu99;
				GCC_DYNAMIC_NO_PIC = NO;
				GCC_NO_COMMON_BLOCKS = YES;
				GCC_OPTIMIZATION_LEVEL = 0;
				GCC_PREPROCESSOR_DEFINITIONS = (
					"DEBUG=1",
					"$(inherited)",
				);
				GCC_WARN_64_TO_32_BIT_CONVERSION = YES;
				GCC_WARN_ABOUT_RETURN_TYPE = YES_ERROR;
				GCC_WARN_UNDECLARED_SELECTOR = YES;
				GCC_WARN_UNINITIALIZED_AUTOS = YES_AGGRESSIVE;
				GCC_WARN_UNUSED_FUNCTION = YES;
				GCC_WARN_UNUSED_VARIABLE = YES;
				IPHONEOS_DEPLOYMENT_TARGET = 10.2;
				MTL_ENABLE_DEBUG_INFO = YES;
				ONLY_ACTIVE_ARCH = YES;
				SDKROOT = iphoneos;
				SWIFT_ACTIVE_COMPILATION_CONDITIONS = DEBUG;
				SWIFT_OPTIMIZATION_LEVEL = "-Onone";
				TARGETED_DEVICE_FAMILY = "1,2";
			};
			name = Debug;
		};
		043B5B2F1E4589E9007A6581 /* Release */ = {
			isa = XCBuildConfiguration;
			buildSettings = {
				ALWAYS_SEARCH_USER_PATHS = NO;
				CLANG_ANALYZER_NONNULL = YES;
				CLANG_CXX_LANGUAGE_STANDARD = "gnu++0x";
				CLANG_CXX_LIBRARY = "libc++";
				CLANG_ENABLE_MODULES = YES;
				CLANG_ENABLE_OBJC_ARC = YES;
				CLANG_WARN_BOOL_CONVERSION = YES;
				CLANG_WARN_CONSTANT_CONVERSION = YES;
				CLANG_WARN_DIRECT_OBJC_ISA_USAGE = YES_ERROR;
				CLANG_WARN_DOCUMENTATION_COMMENTS = YES;
				CLANG_WARN_EMPTY_BODY = YES;
				CLANG_WARN_ENUM_CONVERSION = YES;
				CLANG_WARN_INFINITE_RECURSION = YES;
				CLANG_WARN_INT_CONVERSION = YES;
				CLANG_WARN_OBJC_ROOT_CLASS = YES_ERROR;
				CLANG_WARN_SUSPICIOUS_MOVE = YES;
				CLANG_WARN_UNREACHABLE_CODE = YES;
				CLANG_WARN__DUPLICATE_METHOD_MATCH = YES;
				"CODE_SIGN_IDENTITY[sdk=iphoneos*]" = "iPhone Developer";
				COPY_PHASE_STRIP = NO;
				DEBUG_INFORMATION_FORMAT = "dwarf-with-dsym";
				ENABLE_NS_ASSERTIONS = NO;
				ENABLE_STRICT_OBJC_MSGSEND = YES;
				GCC_C_LANGUAGE_STANDARD = gnu99;
				GCC_NO_COMMON_BLOCKS = YES;
				GCC_WARN_64_TO_32_BIT_CONVERSION = YES;
				GCC_WARN_ABOUT_RETURN_TYPE = YES_ERROR;
				GCC_WARN_UNDECLARED_SELECTOR = YES;
				GCC_WARN_UNINITIALIZED_AUTOS = YES_AGGRESSIVE;
				GCC_WARN_UNUSED_FUNCTION = YES;
				GCC_WARN_UNUSED_VARIABLE = YES;
				IPHONEOS_DEPLOYMENT_TARGET = 10.2;
				MTL_ENABLE_DEBUG_INFO = NO;
				SDKROOT = iphoneos;
				SWIFT_OPTIMIZATION_LEVEL = "-Owholemodule";
				TARGETED_DEVICE_FAMILY = "1,2";
				VALIDATE_PRODUCT = YES;
			};
			name = Release;
		};
		043B5B311E4589E9007A6581 /* Debug */ = {
			isa = XCBuildConfiguration;
			buildSettings = {
				ASSETCATALOG_COMPILER_APPICON_NAME = AppIcon;
				CLANG_ENABLE_MODULES = YES;
				DEVELOPMENT_TEAM = V4JEZHQS9J;
				INFOPLIST_FILE = IntelliChef/Info.plist;
				LD_RUNPATH_SEARCH_PATHS = "$(inherited) @executable_path/Frameworks";
				PRODUCT_BUNDLE_IDENTIFIER = com.joeymurphy.IntelliChef;
				PRODUCT_NAME = "$(TARGET_NAME)";
				SWIFT_OBJC_BRIDGING_HEADER = "IntelliChef/IntelliChef-Bridging-Header.h";
				SWIFT_OPTIMIZATION_LEVEL = "-Onone";
				SWIFT_VERSION = 3.0;
			};
			name = Debug;
		};
		043B5B321E4589E9007A6581 /* Release */ = {
			isa = XCBuildConfiguration;
			buildSettings = {
				ASSETCATALOG_COMPILER_APPICON_NAME = AppIcon;
				CLANG_ENABLE_MODULES = YES;
				DEVELOPMENT_TEAM = V4JEZHQS9J;
				INFOPLIST_FILE = IntelliChef/Info.plist;
				LD_RUNPATH_SEARCH_PATHS = "$(inherited) @executable_path/Frameworks";
				PRODUCT_BUNDLE_IDENTIFIER = com.joeymurphy.IntelliChef;
				PRODUCT_NAME = "$(TARGET_NAME)";
				SWIFT_OBJC_BRIDGING_HEADER = "IntelliChef/IntelliChef-Bridging-Header.h";
				SWIFT_VERSION = 3.0;
			};
			name = Release;
		};
/* End XCBuildConfiguration section */

/* Begin XCConfigurationList section */
		043B5B171E4589E8007A6581 /* Build configuration list for PBXProject "IntelliChef" */ = {
			isa = XCConfigurationList;
			buildConfigurations = (
				043B5B2E1E4589E9007A6581 /* Debug */,
				043B5B2F1E4589E9007A6581 /* Release */,
			);
			defaultConfigurationIsVisible = 0;
			defaultConfigurationName = Release;
		};
		043B5B301E4589E9007A6581 /* Build configuration list for PBXNativeTarget "IntelliChef" */ = {
			isa = XCConfigurationList;
			buildConfigurations = (
				043B5B311E4589E9007A6581 /* Debug */,
				043B5B321E4589E9007A6581 /* Release */,
			);
			defaultConfigurationIsVisible = 0;
			defaultConfigurationName = Release;
		};
/* End XCConfigurationList section */
	};
	rootObject = 043B5B141E4589E8007A6581 /* Project object */;
}
